<?xml version="1.0" encoding="utf-8"?>
<Project ToolsVersion="4.0" xmlns="http://schemas.microsoft.com/developer/msbuild/2003">
  <ItemGroup>
    <Filter Include="源文件">
      <UniqueIdentifier>{4FC737F1-C7A5-4376-A066-2A32D752A2FF}</UniqueIdentifier>
      <Extensions>cpp;c;cc;cxx;def;odl;idl;hpj;bat;asm;asmx</Extensions>
    </Filter>
    <Filter Include="头文件">
      <UniqueIdentifier>{93995380-89BD-4b04-88EB-625FBE52EBFB}</UniqueIdentifier>
      <Extensions>h;hh;hpp;hxx;hm;inl;inc;xsd</Extensions>
    </Filter>
    <Filter Include="资源文件">
      <UniqueIdentifier>{67DA6AB6-F800-4c08-8B7A-83BB121AAD01}</UniqueIdentifier>
      <Extensions>rc;ico;cur;bmp;dlg;rc2;rct;bin;rgs;gif;jpg;jpeg;jpe;resx;tiff;tif;png;wav;mfcribbon-ms</Extensions>
    </Filter>
    <Filter Include="CtpAPI">
      <UniqueIdentifier>{2fea66e6-7cad-4566-9cee-9845df903793}</UniqueIdentifier>
    </Filter>
  </ItemGroup>
  <ItemGroup>
    <Text Include="ReadMe.txt" />
    <Text Include="config.ini" />
  </ItemGroup>
  <ItemGroup>
    <ClInclude Include="stdafx.h">
      <Filter>头文件</Filter>
    </ClInclude>
    <ClInclude Include="targetver.h">
      <Filter>头文件</Filter>
    </ClInclude>
    <ClInclude Include="CMarketDataDownLoader.h">
      <Filter>头文件</Filter>
    </ClInclude>
    <ClInclude Include="ConfigReader.h">
      <Filter>头文件</Filter>
    </ClInclude>
    <ClInclude Include="CTPApp.h">
      <Filter>头文件</Filter>
    </ClInclude>
    <ClInclude Include="Util.h">
      <Filter>头文件</Filter>
    </ClInclude>
    <ClInclude Include="CtpLog.h">
      <Filter>头文件</Filter>
    </ClInclude>
    <ClInclude Include="..\tradeapi_x64\ThostFtdcMdApi.h">
      <Filter>CtpAPI</Filter>
    </ClInclude>
    <ClInclude Include="..\tradeapi_x64\ThostFtdcTraderApi.h">
      <Filter>CtpAPI</Filter>
    </ClInclude>
    <ClInclude Include="..\tradeapi_x64\ThostFtdcUserApiDataType.h">
      <Filter>CtpAPI</Filter>
    </ClInclude>
    <ClInclude Include="..\tradeapi_x64\ThostFtdcUserApiStruct.h">
      <Filter>CtpAPI</Filter>
    </ClInclude>
    <ClInclude Include="CtpMarketDataSpi.h">
      <Filter>头文件</Filter>
    </ClInclude>
    <ClInclude Include="CtpTradeManager.h">
      <Filter>头文件</Filter>
    </ClInclude>
    <ClInclude Include="CtpTraderSpi.h">
      <Filter>头文件</Filter>
    </ClInclude>
    <ClInclude Include="CtpPosition.h">
      <Filter>头文件</Filter>
    </ClInclude>
  </ItemGroup>
  <ItemGroup>
    <ClCompile Include="stdafx.cpp">
      <Filter>源文件</Filter>
    </ClCompile>
    <ClCompile Include="ctptraderobot.cpp">
      <Filter>源文件</Filter>
    </ClCompile>
    <ClCompile Include="CMarketDataDownLoader.cpp">
      <Filter>源文件</Filter>
    </ClCompile>
    <ClCompile Include="ConfigReader.cpp">
      <Filter>源文件</Filter>
    </ClCompile>
    <ClCompile Include="CTPApp.cpp">
      <Filter>源文件</Filter>
    </ClCompile>
    <ClCompile Include="Util.cpp">
      <Filter>源文件</Filter>
    </ClCompile>
    <ClCompile Include="CtpLog.cpp">
      <Filter>源文件</Filter>
    </ClCompile>
    <ClCompile Include="CtpMarketDataSpi.cpp">
      <Filter>源文件</Filter>
    </ClCompile>
    <ClCompile Include="CtpTradeManager.cpp">
      <Filter>源文件</Filter>
    </ClCompile>
    <ClCompile Include="CtpTraderSpi.cpp">
      <Filter>源文件</Filter>
    </ClCompile>
    <ClCompile Include="CtpPosition.cpp">
      <Filter>源文件</Filter>
    </ClCompile>
  </ItemGroup>
</Project>